// !$*UTF8*$!
{
	archiveVersion = 1;
	classes = {
	};
	objectVersion = 56;
	objects = {

/* Begin PBXBuildFile section */
		80A0618D29DD36B100CDC182 /* ScrumsView.swift in Sources */ = {isa = PBXBuildFile; fileRef = 80A0618C29DD36B100CDC182 /* ScrumsView.swift */; };
		80A0618F29DD4DBB00CDC182 /* DetailView.swift in Sources */ = {isa = PBXBuildFile; fileRef = 80A0618E29DD4DBB00CDC182 /* DetailView.swift */; };
		80A2C36F29E83CB20005C011 /* MeetingHeaderView.swift in Sources */ = {isa = PBXBuildFile; fileRef = 80A2C36E29E83CB20005C011 /* MeetingHeaderView.swift */; };
		80A2C37129E840110005C011 /* ScrumProgressViewStyle.swift in Sources */ = {isa = PBXBuildFile; fileRef = 80A2C37029E840110005C011 /* ScrumProgressViewStyle.swift */; };
		80A5E44729D6C3A10086C3D2 /* Theme.swift in Sources */ = {isa = PBXBuildFile; fileRef = 80A5E44629D6C3A10086C3D2 /* Theme.swift */; };
		80A5E44929D6C61D0086C3D2 /* DailyScrum.swift in Sources */ = {isa = PBXBuildFile; fileRef = 80A5E44829D6C61D0086C3D2 /* DailyScrum.swift */; };
		80A5E44B29D6C7E00086C3D2 /* CardView.swift in Sources */ = {isa = PBXBuildFile; fileRef = 80A5E44A29D6C7E00086C3D2 /* CardView.swift */; };
		80A5E44D29D6FD0E0086C3D2 /* TrailingIconLabelStyle.swift in Sources */ = {isa = PBXBuildFile; fileRef = 80A5E44C29D6FD0E0086C3D2 /* TrailingIconLabelStyle.swift */; };
		80A7694729D5B5D9003B64D9 /* ScrumdingerApp.swift in Sources */ = {isa = PBXBuildFile; fileRef = 80A7694629D5B5D9003B64D9 /* ScrumdingerApp.swift */; };
		80A7694929D5B5D9003B64D9 /* MeetingView.swift in Sources */ = {isa = PBXBuildFile; fileRef = 80A7694829D5B5D9003B64D9 /* MeetingView.swift */; };
		80A7694B29D5B5DF003B64D9 /* Assets.xcassets in Resources */ = {isa = PBXBuildFile; fileRef = 80A7694A29D5B5DF003B64D9 /* Assets.xcassets */; };
		80A7694E29D5B5DF003B64D9 /* Preview Assets.xcassets in Resources */ = {isa = PBXBuildFile; fileRef = 80A7694D29D5B5DF003B64D9 /* Preview Assets.xcassets */; };
		80D8BAEA29E971C5003E37DD /* ScrumTimer.swift in Sources */ = {isa = PBXBuildFile; fileRef = 80D8BAE929E971C5003E37DD /* ScrumTimer.swift */; };
		80FFA8DD29E691EC00D05F84 /* DetailEditView.swift in Sources */ = {isa = PBXBuildFile; fileRef = 80FFA8DC29E691EC00D05F84 /* DetailEditView.swift */; };
		80FFA8DF29E6CAAB00D05F84 /* ThemeView.swift in Sources */ = {isa = PBXBuildFile; fileRef = 80FFA8DE29E6CAAB00D05F84 /* ThemeView.swift */; };
		80FFA8E129E6CCE400D05F84 /* ThemePicker.swift in Sources */ = {isa = PBXBuildFile; fileRef = 80FFA8E029E6CCE400D05F84 /* ThemePicker.swift */; };
/* End PBXBuildFile section */

/* Begin PBXFileReference section */
		80A0618C29DD36B100CDC182 /* ScrumsView.swift */ = {isa = PBXFileReference; lastKnownFileType = sourcecode.swift; path = ScrumsView.swift; sourceTree = "<group>"; };
		80A0618E29DD4DBB00CDC182 /* DetailView.swift */ = {isa = PBXFileReference; lastKnownFileType = sourcecode.swift; path = DetailView.swift; sourceTree = "<group>"; };
		80A2C36E29E83CB20005C011 /* MeetingHeaderView.swift */ = {isa = PBXFileReference; lastKnownFileType = sourcecode.swift; path = MeetingHeaderView.swift; sourceTree = "<group>"; };
		80A2C37029E840110005C011 /* ScrumProgressViewStyle.swift */ = {isa = PBXFileReference; lastKnownFileType = sourcecode.swift; path = ScrumProgressViewStyle.swift; sourceTree = "<group>"; };
		80A5E44629D6C3A10086C3D2 /* Theme.swift */ = {isa = PBXFileReference; lastKnownFileType = sourcecode.swift; path = Theme.swift; sourceTree = "<group>"; };
		80A5E44829D6C61D0086C3D2 /* DailyScrum.swift */ = {isa = PBXFileReference; lastKnownFileType = sourcecode.swift; path = DailyScrum.swift; sourceTree = "<group>"; };
		80A5E44A29D6C7E00086C3D2 /* CardView.swift */ = {isa = PBXFileReference; lastKnownFileType = sourcecode.swift; path = CardView.swift; sourceTree = "<group>"; };
		80A5E44C29D6FD0E0086C3D2 /* TrailingIconLabelStyle.swift */ = {isa = PBXFileReference; lastKnownFileType = sourcecode.swift; path = TrailingIconLabelStyle.swift; sourceTree = "<group>"; };
		80A7694329D5B5D9003B64D9 /* Scrumdinger.app */ = {isa = PBXFileReference; explicitFileType = wrapper.application; includeInIndex = 0; path = Scrumdinger.app; sourceTree = BUILT_PRODUCTS_DIR; };
		80A7694629D5B5D9003B64D9 /* ScrumdingerApp.swift */ = {isa = PBXFileReference; lastKnownFileType = sourcecode.swift; path = ScrumdingerApp.swift; sourceTree = "<group>"; };
		80A7694829D5B5D9003B64D9 /* MeetingView.swift */ = {isa = PBXFileReference; lastKnownFileType = sourcecode.swift; path = MeetingView.swift; sourceTree = "<group>"; };
		80A7694A29D5B5DF003B64D9 /* Assets.xcassets */ = {isa = PBXFileReference; lastKnownFileType = folder.assetcatalog; path = Assets.xcassets; sourceTree = "<group>"; };
		80A7694D29D5B5DF003B64D9 /* Preview Assets.xcassets */ = {isa = PBXFileReference; lastKnownFileType = folder.assetcatalog; path = "Preview Assets.xcassets"; sourceTree = "<group>"; };
		80D8BAE929E971C5003E37DD /* ScrumTimer.swift */ = {isa = PBXFileReference; lastKnownFileType = sourcecode.swift; path = ScrumTimer.swift; sourceTree = "<group>"; };
		80FFA8DC29E691EC00D05F84 /* DetailEditView.swift */ = {isa = PBXFileReference; lastKnownFileType = sourcecode.swift; path = DetailEditView.swift; sourceTree = "<group>"; };
		80FFA8DE29E6CAAB00D05F84 /* ThemeView.swift */ = {isa = PBXFileReference; lastKnownFileType = sourcecode.swift; path = ThemeView.swift; sourceTree = "<group>"; };
		80FFA8E029E6CCE400D05F84 /* ThemePicker.swift */ = {isa = PBXFileReference; lastKnownFileType = sourcecode.swift; path = ThemePicker.swift; sourceTree = "<group>"; };
/* End PBXFileReference section */

/* Begin PBXFrameworksBuildPhase section */
		80A7694029D5B5D9003B64D9 /* Frameworks */ = {
			isa = PBXFrameworksBuildPhase;
			buildActionMask = 2147483647;
			files = (
			);
			runOnlyForDeploymentPostprocessing = 0;
		};
/* End PBXFrameworksBuildPhase section */

/* Begin PBXGroup section */
		80A0619029DD4DC200CDC182 /* Views */ = {
			isa = PBXGroup;
			children = (
				80A7694829D5B5D9003B64D9 /* MeetingView.swift */,
				80A5E44A29D6C7E00086C3D2 /* CardView.swift */,
				80A0618C29DD36B100CDC182 /* ScrumsView.swift */,
				80A0618E29DD4DBB00CDC182 /* DetailView.swift */,
				80FFA8DC29E691EC00D05F84 /* DetailEditView.swift */,
				80FFA8DE29E6CAAB00D05F84 /* ThemeView.swift */,
				80FFA8E029E6CCE400D05F84 /* ThemePicker.swift */,
				80A2C36E29E83CB20005C011 /* MeetingHeaderView.swift */,
				80A2C37029E840110005C011 /* ScrumProgressViewStyle.swift */,
			);
			path = Views;
			sourceTree = "<group>";
		};
		80A5E44529D6C38B0086C3D2 /* Models */ = {
			isa = PBXGroup;
			children = (
				80A5E44629D6C3A10086C3D2 /* Theme.swift */,
				80A5E44829D6C61D0086C3D2 /* DailyScrum.swift */,
				80D8BAE929E971C5003E37DD /* ScrumTimer.swift */,
			);
			path = Models;
			sourceTree = "<group>";
		};
		80A7693A29D5B5D8003B64D9 = {
			isa = PBXGroup;
			children = (
				80A7694529D5B5D9003B64D9 /* Scrumdinger */,
				80A7694429D5B5D9003B64D9 /* Products */,
			);
			sourceTree = "<group>";
		};
		80A7694429D5B5D9003B64D9 /* Products */ = {
			isa = PBXGroup;
			children = (
				80A7694329D5B5D9003B64D9 /* Scrumdinger.app */,
			);
			name = Products;
			sourceTree = "<group>";
		};
		80A7694529D5B5D9003B64D9 /* Scrumdinger */ = {
			isa = PBXGroup;
			children = (
				80A7694A29D5B5DF003B64D9 /* Assets.xcassets */,
				80A7694629D5B5D9003B64D9 /* ScrumdingerApp.swift */,
				80A5E44C29D6FD0E0086C3D2 /* TrailingIconLabelStyle.swift */,
				80A0619029DD4DC200CDC182 /* Views */,
				80A5E44529D6C38B0086C3D2 /* Models */,
				80A7694C29D5B5DF003B64D9 /* Preview Content */,
			);
			path = Scrumdinger;
			sourceTree = "<group>";
		};
		80A7694C29D5B5DF003B64D9 /* Preview Content */ = {
			isa = PBXGroup;
			children = (
				80A7694D29D5B5DF003B64D9 /* Preview Assets.xcassets */,
			);
			path = "Preview Content";
			sourceTree = "<group>";
		};
/* End PBXGroup section */

/* Begin PBXNativeTarget section */
		80A7694229D5B5D9003B64D9 /* Scrumdinger */ = {
			isa = PBXNativeTarget;
			buildConfigurationList = 80A7695129D5B5DF003B64D9 /* Build configuration list for PBXNativeTarget "Scrumdinger" */;
			buildPhases = (
				80A7693F29D5B5D9003B64D9 /* Sources */,
				80A7694029D5B5D9003B64D9 /* Frameworks */,
				80A7694129D5B5D9003B64D9 /* Resources */,
			);
			buildRules = (
			);
			dependencies = (
			);
			name = Scrumdinger;
			productName = Scrumdinger;
			productReference = 80A7694329D5B5D9003B64D9 /* Scrumdinger.app */;
			productType = "com.apple.product-type.application";
		};
/* End PBXNativeTarget section */

/* Begin PBXProject section */
		80A7693B29D5B5D8003B64D9 /* Project object */ = {
			isa = PBXProject;
			attributes = {
				BuildIndependentTargetsInParallel = 1;
				LastSwiftUpdateCheck = 1410;
				LastUpgradeCheck = 1410;
				TargetAttributes = {
					80A7694229D5B5D9003B64D9 = {
						CreatedOnToolsVersion = 14.1;
					};
				};
			};
			buildConfigurationList = 80A7693E29D5B5D8003B64D9 /* Build configuration list for PBXProject "Scrumdinger" */;
			compatibilityVersion = "Xcode 14.0";
			developmentRegion = en;
			hasScannedForEncodings = 0;
			knownRegions = (
				en,
				Base,
			);
			mainGroup = 80A7693A29D5B5D8003B64D9;
			productRefGroup = 80A7694429D5B5D9003B64D9 /* Products */;
			projectDirPath = "";
			projectRoot = "";
			targets = (
				80A7694229D5B5D9003B64D9 /* Scrumdinger */,
			);
		};
/* End PBXProject section */

/* Begin PBXResourcesBuildPhase section */
		80A7694129D5B5D9003B64D9 /* Resources */ = {
			isa = PBXResourcesBuildPhase;
			buildActionMask = 2147483647;
			files = (
				80A7694E29D5B5DF003B64D9 /* Preview Assets.xcassets in Resources */,
				80A7694B29D5B5DF003B64D9 /* Assets.xcassets in Resources */,
			);
			runOnlyForDeploymentPostprocessing = 0;
		};
/* End PBXResourcesBuildPhase section */

/* Begin PBXSourcesBuildPhase section */
		80A7693F29D5B5D9003B64D9 /* Sources */ = {
			isa = PBXSourcesBuildPhase;
			buildActionMask = 2147483647;
			files = (
				80FFA8E129E6CCE400D05F84 /* ThemePicker.swift in Sources */,
				80A2C37129E840110005C011 /* ScrumProgressViewStyle.swift in Sources */,
				80D8BAEA29E971C5003E37DD /* ScrumTimer.swift in Sources */,
				80A5E44929D6C61D0086C3D2 /* DailyScrum.swift in Sources */,
				80A0618F29DD4DBB00CDC182 /* DetailView.swift in Sources */,
				80A2C36F29E83CB20005C011 /* MeetingHeaderView.swift in Sources */,
				80FFA8DD29E691EC00D05F84 /* DetailEditView.swift in Sources */,
				80A5E44D29D6FD0E0086C3D2 /* TrailingIconLabelStyle.swift in Sources */,
				80A5E44729D6C3A10086C3D2 /* Theme.swift in Sources */,
				80A0618D29DD36B100CDC182 /* ScrumsView.swift in Sources */,
				80A7694929D5B5D9003B64D9 /* MeetingView.swift in Sources */,
				80A7694729D5B5D9003B64D9 /* ScrumdingerApp.swift in Sources */,
				80FFA8DF29E6CAAB00D05F84 /* ThemeView.swift in Sources */,
				80A5E44B29D6C7E00086C3D2 /* CardView.swift in Sources */,
			);
			runOnlyForDeploymentPostprocessing = 0;
		};
/* End PBXSourcesBuildPhase section */

/* Begin XCBuildConfiguration section */
		80A7694F29D5B5DF003B64D9 /* Debug */ = {
			isa = XCBuildConfiguration;
			buildSettings = {
				ALWAYS_SEARCH_USER_PATHS = NO;
				CLANG_ANALYZER_NONNULL = YES;
				CLANG_ANALYZER_NUMBER_OBJECT_CONVERSION = YES_AGGRESSIVE;
				CLANG_CXX_LANGUAGE_STANDARD = "gnu++20";
				CLANG_ENABLE_MODULES = YES;
				CLANG_ENABLE_OBJC_ARC = YES;
				CLANG_ENABLE_OBJC_WEAK = YES;
				CLANG_WARN_BLOCK_CAPTURE_AUTORELEASING = YES;
				CLANG_WARN_BOOL_CONVERSION = YES;
				CLANG_WARN_COMMA = YES;
				CLANG_WARN_CONSTANT_CONVERSION = YES;
				CLANG_WARN_DEPRECATED_OBJC_IMPLEMENTATIONS = YES;
				CLANG_WARN_DIRECT_OBJC_ISA_USAGE = YES_ERROR;
				CLANG_WARN_DOCUMENTATION_COMMENTS = YES;
				CLANG_WARN_EMPTY_BODY = YES;
				CLANG_WARN_ENUM_CONVERSION = YES;
				CLANG_WARN_INFINITE_RECURSION = YES;
				CLANG_WARN_INT_CONVERSION = YES;
				CLANG_WARN_NON_LITERAL_NULL_CONVERSION = YES;
				CLANG_WARN_OBJC_IMPLICIT_RETAIN_SELF = YES;
				CLANG_WARN_OBJC_LITERAL_CONVERSION = YES;
				CLANG_WARN_OBJC_ROOT_CLASS = YES_ERROR;
				CLANG_WARN_QUOTED_INCLUDE_IN_FRAMEWORK_HEADER = YES;
				CLANG_WARN_RANGE_LOOP_ANALYSIS = YES;
				CLANG_WARN_STRICT_PROTOTYPES = YES;
				CLANG_WARN_SUSPICIOUS_MOVE = YES;
				CLANG_WARN_UNGUARDED_AVAILABILITY = YES_AGGRESSIVE;
				CLANG_WARN_UNREACHABLE_CODE = YES;
				CLANG_WARN__DUPLICATE_METHOD_MATCH = YES;
				COPY_PHASE_STRIP = NO;
				DEBUG_INFORMATION_FORMAT = dwarf;
				ENABLE_STRICT_OBJC_MSGSEND = YES;
				ENABLE_TESTABILITY = YES;
				GCC_C_LANGUAGE_STANDARD = gnu11;
				GCC_DYNAMIC_NO_PIC = NO;
				GCC_NO_COMMON_BLOCKS = YES;
				GCC_OPTIMIZATION_LEVEL = 0;
				GCC_PREPROCESSOR_DEFINITIONS = (
					"DEBUG=1",
					"$(inherited)",
				);
				GCC_WARN_64_TO_32_BIT_CONVERSION = YES;
				GCC_WARN_ABOUT_RETURN_TYPE = YES_ERROR;
				GCC_WARN_UNDECLARED_SELECTOR = YES;
				GCC_WARN_UNINITIALIZED_AUTOS = YES_AGGRESSIVE;
				GCC_WARN_UNUSED_FUNCTION = YES;
				GCC_WARN_UNUSED_VARIABLE = YES;
				IPHONEOS_DEPLOYMENT_TARGET = 16.1;
				MTL_ENABLE_DEBUG_INFO = INCLUDE_SOURCE;
				MTL_FAST_MATH = YES;
				ONLY_ACTIVE_ARCH = YES;
				SDKROOT = iphoneos;
				SWIFT_ACTIVE_COMPILATION_CONDITIONS = DEBUG;
				SWIFT_OPTIMIZATION_LEVEL = "-Onone";
			};
			name = Debug;
		};
		80A7695029D5B5DF003B64D9 /* Release */ = {
			isa = XCBuildConfiguration;
			buildSettings = {
				ALWAYS_SEARCH_USER_PATHS = NO;
				CLANG_ANALYZER_NONNULL = YES;
				CLANG_ANALYZER_NUMBER_OBJECT_CONVERSION = YES_AGGRESSIVE;
				CLANG_CXX_LANGUAGE_STANDARD = "gnu++20";
				CLANG_ENABLE_MODULES = YES;
				CLANG_ENABLE_OBJC_ARC = YES;
				CLANG_ENABLE_OBJC_WEAK = YES;
				CLANG_WARN_BLOCK_CAPTURE_AUTORELEASING = YES;
				CLANG_WARN_BOOL_CONVERSION = YES;
				CLANG_WARN_COMMA = YES;
				CLANG_WARN_CONSTANT_CONVERSION = YES;
				CLANG_WARN_DEPRECATED_OBJC_IMPLEMENTATIONS = YES;
				CLANG_WARN_DIRECT_OBJC_ISA_USAGE = YES_ERROR;
				CLANG_WARN_DOCUMENTATION_COMMENTS = YES;
				CLANG_WARN_EMPTY_BODY = YES;
				CLANG_WARN_ENUM_CONVERSION = YES;
				CLANG_WARN_INFINITE_RECURSION = YES;
				CLANG_WARN_INT_CONVERSION = YES;
				CLANG_WARN_NON_LITERAL_NULL_CONVERSION = YES;
				CLANG_WARN_OBJC_IMPLICIT_RETAIN_SELF = YES;
				CLANG_WARN_OBJC_LITERAL_CONVERSION = YES;
				CLANG_WARN_OBJC_ROOT_CLASS = YES_ERROR;
				CLANG_WARN_QUOTED_INCLUDE_IN_FRAMEWORK_HEADER = YES;
				CLANG_WARN_RANGE_LOOP_ANALYSIS = YES;
				CLANG_WARN_STRICT_PROTOTYPES = YES;
				CLANG_WARN_SUSPICIOUS_MOVE = YES;
				CLANG_WARN_UNGUARDED_AVAILABILITY = YES_AGGRESSIVE;
				CLANG_WARN_UNREACHABLE_CODE = YES;
				CLANG_WARN__DUPLICATE_METHOD_MATCH = YES;
				COPY_PHASE_STRIP = NO;
				DEBUG_INFORMATION_FORMAT = "dwarf-with-dsym";
				ENABLE_NS_ASSERTIONS = NO;
				ENABLE_STRICT_OBJC_MSGSEND = YES;
				GCC_C_LANGUAGE_STANDARD = gnu11;
				GCC_NO_COMMON_BLOCKS = YES;
				GCC_WARN_64_TO_32_BIT_CONVERSION = YES;
				GCC_WARN_ABOUT_RETURN_TYPE = YES_ERROR;
				GCC_WARN_UNDECLARED_SELECTOR = YES;
				GCC_WARN_UNINITIALIZED_AUTOS = YES_AGGRESSIVE;
				GCC_WARN_UNUSED_FUNCTION = YES;
				GCC_WARN_UNUSED_VARIABLE = YES;
				IPHONEOS_DEPLOYMENT_TARGET = 16.1;
				MTL_ENABLE_DEBUG_INFO = NO;
				MTL_FAST_MATH = YES;
				SDKROOT = iphoneos;
				SWIFT_COMPILATION_MODE = wholemodule;
				SWIFT_OPTIMIZATION_LEVEL = "-O";
				VALIDATE_PRODUCT = YES;
			};
			name = Release;
		};
		80A7695229D5B5DF003B64D9 /* Debug */ = {
			isa = XCBuildConfiguration;
			buildSettings = {
				ASSETCATALOG_COMPILER_APPICON_NAME = AppIcon;
				ASSETCATALOG_COMPILER_GLOBAL_ACCENT_COLOR_NAME = AccentColor;
				CODE_SIGN_STYLE = Automatic;
				CURRENT_PROJECT_VERSION = 1;
				DEVELOPMENT_ASSET_PATHS = "\"Scrumdinger/Preview Content\"";
				DEVELOPMENT_TEAM = 7L8D6FC4F7;
				ENABLE_PREVIEWS = YES;
				GENERATE_INFOPLIST_FILE = YES;
				INFOPLIST_KEY_UIApplicationSceneManifest_Generation = YES;
				INFOPLIST_KEY_UIApplicationSupportsIndirectInputEvents = YES;
				INFOPLIST_KEY_UILaunchScreen_Generation = YES;
				INFOPLIST_KEY_UISupportedInterfaceOrientations_iPad = "UIInterfaceOrientationPortrait UIInterfaceOrientationPortraitUpsideDown UIInterfaceOrientationLandscapeLeft UIInterfaceOrientationLandscapeRight";
				INFOPLIST_KEY_UISupportedInterfaceOrientations_iPhone = "UIInterfaceOrientationPortrait UIInterfaceOrientationLandscapeLeft UIInterfaceOrientationLandscapeRight";
				LD_RUNPATH_SEARCH_PATHS = (
					"$(inherited)",
					"@executable_path/Frameworks",
				);
				MARKETING_VERSION = 1.0;
				PRODUCT_BUNDLE_IDENTIFIER = ru.grebenozhko.Scrumdinger;
				PRODUCT_NAME = "$(TARGET_NAME)";
				SWIFT_EMIT_LOC_STRINGS = YES;
				SWIFT_VERSION = 5.0;
				TARGETED_DEVICE_FAMILY = "1,2";
			};
			name = Debug;
		};
		80A7695329D5B5DF003B64D9 /* Release */ = {
			isa = XCBuildConfiguration;
			buildSettings = {
				ASSETCATALOG_COMPILER_APPICON_NAME = AppIcon;
				ASSETCATALOG_COMPILER_GLOBAL_ACCENT_COLOR_NAME = AccentColor;
				CODE_SIGN_STYLE = Automatic;
				CURRENT_PROJECT_VERSION = 1;
				DEVELOPMENT_ASSET_PATHS = "\"Scrumdinger/Preview Content\"";
				DEVELOPMENT_TEAM = 7L8D6FC4F7;
				ENABLE_PREVIEWS = YES;
				GENERATE_INFOPLIST_FILE = YES;
				INFOPLIST_KEY_UIApplicationSceneManifest_Generation = YES;
				INFOPLIST_KEY_UIApplicationSupportsIndirectInputEvents = YES;
				INFOPLIST_KEY_UILaunchScreen_Generation = YES;
				INFOPLIST_KEY_UISupportedInterfaceOrientations_iPad = "UIInterfaceOrientationPortrait UIInterfaceOrientationPortraitUpsideDown UIInterfaceOrientationLandscapeLeft UIInterfaceOrientationLandscapeRight";
				INFOPLIST_KEY_UISupportedInterfaceOrientations_iPhone = "UIInterfaceOrientationPortrait UIInterfaceOrientationLandscapeLeft UIInterfaceOrientationLandscapeRight";
				LD_RUNPATH_SEARCH_PATHS = (
					"$(inherited)",
					"@executable_path/Frameworks",
				);
				MARKETING_VERSION = 1.0;
				PRODUCT_BUNDLE_IDENTIFIER = ru.grebenozhko.Scrumdinger;
				PRODUCT_NAME = "$(TARGET_NAME)";
				SWIFT_EMIT_LOC_STRINGS = YES;
				SWIFT_VERSION = 5.0;
				TARGETED_DEVICE_FAMILY = "1,2";
			};
			name = Release;
		};
/* End XCBuildConfiguration section */

/* Begin XCConfigurationList section */
		80A7693E29D5B5D8003B64D9 /* Build configuration list for PBXProject "Scrumdinger" */ = {
			isa = XCConfigurationList;
			buildConfigurations = (
				80A7694F29D5B5DF003B64D9 /* Debug */,
				80A7695029D5B5DF003B64D9 /* Release */,
			);
			defaultConfigurationIsVisible = 0;
			defaultConfigurationName = Release;
		};
		80A7695129D5B5DF003B64D9 /* Build configuration list for PBXNativeTarget "Scrumdinger" */ = {
			isa = XCConfigurationList;
			buildConfigurations = (
				80A7695229D5B5DF003B64D9 /* Debug */,
				80A7695329D5B5DF003B64D9 /* Release */,
			);
			defaultConfigurationIsVisible = 0;
			defaultConfigurationName = Release;
		};
/* End XCConfigurationList section */
	};
	rootObject = 80A7693B29D5B5D8003B64D9 /* Project object */;
}
